
Microsoft Visual Studio Solution File, Format Version 12.00
# Visual Studio Version 17
VisualStudioVersion = 17.13.35931.197
MinimumVisualStudioVersion = 10.0.40219.1
Project("{2150E333-8FDC-42A3-9474-1A3956D46DE8}") = "Services", "Services", "{02EA681E-C7D8-13C7-8484-4AC65E1B71E8}"
EndProject
Project("{2150E333-8FDC-42A3-9474-1A3956D46DE8}") = "Nutrition", "Nutrition", "{61BE77B0-A277-4EE5-9C3F-9B692357F8B5}"
EndProject
Project("{2150E333-8FDC-42A3-9474-1A3956D46DE8}") = "TaskManager", "TaskManager", "{12FA690B-EDAB-43DA-85E5-23CA681C2E6C}"
EndProject
Project("{2150E333-8FDC-42A3-9474-1A3956D46DE8}") = "Financial", "Financial", "{6AB3AEC4-5D87-4649-AD3B-985AFE1EF147}"
EndProject
Project("{2150E333-8FDC-42A3-9474-1A3956D46DE8}") = "Users", "Users", "{16A777E3-CF12-4F46-982A-44981531AC9F}"
EndProject
Project("{FAE04EC0-301F-11D3-BF4B-00C04F79EFBC}") = "TaskManager.API", "Services\TaskManager\TaskManager.API\TaskManager.API.csproj", "{BCF8E530-78FD-4B87-A700-D934B5AA66F2}"
EndProject
Project("{FAE04EC0-301F-11D3-BF4B-00C04F79EFBC}") = "TaskManager.Domain", "Services\TaskManager\TaskManager.Domain\TaskManager.Domain.csproj", "{35DA9163-BDB4-4120-9BBD-16F5B71586B7}"
EndProject
Project("{FAE04EC0-301F-11D3-BF4B-00C04F79EFBC}") = "TaskManager.Application", "Services\TaskManager\TaskManager.Application\TaskManager.Application.csproj", "{F904D238-371C-473B-AB72-D902D0F1C4B6}"
EndProject
Project("{FAE04EC0-301F-11D3-BF4B-00C04F79EFBC}") = "TaskManager.Infrastructure", "Services\TaskManager\TaskManager.Infrastructure\TaskManager.Infrastructure.csproj", "{2F508DFD-27AA-4309-B450-D420881C2159}"
EndProject
Project("{2150E333-8FDC-42A3-9474-1A3956D46DE8}") = "Core", "Core", "{3FE18C10-9A50-4F38-9DCC-DDBF9CED6EE7}"
EndProject
Project("{FAE04EC0-301F-11D3-BF4B-00C04F79EFBC}") = "Core.Domain", "Core\Core.Domain\Core.Domain.csproj", "{019834C5-963E-48EB-B77F-ECEBFBBDE4D3}"
EndProject
Project("{FAE04EC0-301F-11D3-BF4B-00C04F79EFBC}") = "Core.Application", "Core\Core.Application\Core.Application.csproj", "{26F26805-F89B-4AE4-86E1-4F5627FC0E20}"
EndProject
Project("{FAE04EC0-301F-11D3-BF4B-00C04F79EFBC}") = "Core.Infrastructure", "Core\Core.Infrastructure\Core.Infrastructure.csproj", "{C1EC5759-3619-4C35-9AB5-C1B592F9A1A3}"
EndProject
Project("{FAE04EC0-301F-11D3-BF4B-00C04F79EFBC}") = "Core.API", "Core\Core.API\Core.API.csproj", "{89DBD88F-F7BF-4A75-AE73-C938D48C2A57}"
EndProject
Project("{2150E333-8FDC-42A3-9474-1A3956D46DE8}") = "BuildingBlocks", "BuildingBlocks", "{C29C205D-79C7-49D8-8DF5-F8CBB7A77150}"
EndProject
Project("{FAE04EC0-301F-11D3-BF4B-00C04F79EFBC}") = "BuildingBlocks", "BuildingBlocks\BuildingBlocks\BuildingBlocks.csproj", "{D22B88A6-79CD-4F87-BE73-C389883E4AC2}"
EndProject
Project("{FAE04EC0-301F-11D3-BF4B-00C04F79EFBC}") = "Users.API", "Services\Users\Users.API\Users.API.csproj", "{079C9892-2A48-4672-863B-50F8BF409476}"
EndProject
Project("{FAE04EC0-301F-11D3-BF4B-00C04F79EFBC}") = "Users.Domain", "Services\Users\Users.Domain\Users.Domain.csproj", "{3C04B7A6-42C4-4070-A1D3-4CF6D2F7E11A}"
EndProject
Project("{FAE04EC0-301F-11D3-BF4B-00C04F79EFBC}") = "Users.Application", "Services\Users\Users.Application\Users.Application.csproj", "{4578D066-BDEA-4A1B-AF80-13285D67676A}"
EndProject
Project("{FAE04EC0-301F-11D3-BF4B-00C04F79EFBC}") = "Users.Infrastructure", "Services\Users\Users.Infrastructure\Users.Infrastructure.csproj", "{19EE3A6E-715B-49C2-91F5-8B83B0769755}"
EndProject
Project("{FAE04EC0-301F-11D3-BF4B-00C04F79EFBC}") = "Nutrition.API", "Services\Nutrition\Nutrition.API\Nutrition.API.csproj", "{1E640434-66F0-4380-B57C-431F903CDAFF}"
EndProject
Project("{FAE04EC0-301F-11D3-BF4B-00C04F79EFBC}") = "Nutrition.Domain", "Services\Nutrition\Nutrition.Domain\Nutrition.Domain.csproj", "{B5AA1922-6D10-4E7C-8FE6-4D68158200A2}"
EndProject
Project("{FAE04EC0-301F-11D3-BF4B-00C04F79EFBC}") = "Nutrition.Application", "Services\Nutrition\Nutrition.Application\Nutrition.Application.csproj", "{A53645FC-36A5-4D69-A7A5-EE247529156A}"
EndProject
Project("{FAE04EC0-301F-11D3-BF4B-00C04F79EFBC}") = "Nutrition.Infrastructure", "Services\Nutrition\Nutrition.Infrastructure\Nutrition.Infrastructure.csproj", "{BFBA1AB0-FE2F-409D-AEF1-122FA7C63150}"
EndProject
Project("{FAE04EC0-301F-11D3-BF4B-00C04F79EFBC}") = "BuildingBlocks.Messaging", "BuildingBlocks\BuildingBlocks.Messaging\BuildingBlocks.Messaging.csproj", "{735851DB-BAE4-4A50-95AF-D4954A9899CE}"
EndProject
Project("{FAE04EC0-301F-11D3-BF4B-00C04F79EFBC}") = "Financial.API", "Services\Financial\Financial.API\Financial.API.csproj", "{03CFBC86-0BD7-4D50-BCA1-CE1F3B6A7E0F}"
EndProject
Project("{FAE04EC0-301F-11D3-BF4B-00C04F79EFBC}") = "Financial.Domain", "Services\Financial\Financial.Domain\Financial.Domain.csproj", "{2ED1AD96-9E33-4453-9028-50E814156432}"
EndProject
Project("{FAE04EC0-301F-11D3-BF4B-00C04F79EFBC}") = "Financial.Application", "Services\Financial\Financial.Application\Financial.Application.csproj", "{77B838E4-188D-4D03-97DF-125FB9251E22}"
EndProject
Project("{FAE04EC0-301F-11D3-BF4B-00C04F79EFBC}") = "Financial.Infrastructure", "Services\Financial\Financial.Infrastructure\Financial.Infrastructure.csproj", "{BC2CFFC4-8858-400F-9D2D-09D21E095809}"
EndProject
Project("{2150E333-8FDC-42A3-9474-1A3956D46DE8}") = "Notification", "Notification", "{C3C20EC7-089F-4463-B6A1-2500E383040A}"
EndProject
Project("{E53339B2-1760-4266-BCC7-CA923CBCF16C}") = "docker-compose", "docker-compose.dcproj", "{81DDED9D-158B-E303-5F62-77A2896D2A5A}"
EndProject
Project("{2150E333-8FDC-42A3-9474-1A3956D46DE8}") = "Gym", "Gym", "{C0578E68-4BAF-4C20-93C7-65574849D7FE}"
EndProject
Project("{FAE04EC0-301F-11D3-BF4B-00C04F79EFBC}") = "Gym.API", "Services\Gym\Gym.API\Gym.API.csproj", "{3A419A75-6DDF-4727-8CFA-43E8AD3DB073}"
EndProject
Project("{FAE04EC0-301F-11D3-BF4B-00C04F79EFBC}") = "Gym.Domain", "Services\Gym\Gym.Domain\Gym.Domain.csproj", "{2AE8DFC7-D6DA-4769-BF7E-5FB6A22C495C}"
EndProject
Project("{FAE04EC0-301F-11D3-BF4B-00C04F79EFBC}") = "Gym.Application", "Services\Gym\Gym.Application\Gym.Application.csproj", "{2D47C540-F252-4E8B-89F4-4D7A61C33270}"
EndProject
Project("{FAE04EC0-301F-11D3-BF4B-00C04F79EFBC}") = "Gym.Infrastructure", "Services\Gym\Gym.Infrastructure\Gym.Infrastructure.csproj", "{E6C10AA7-40AF-4B07-BCB9-625A8EE754CC}"
EndProject
Project("{2150E333-8FDC-42A3-9474-1A3956D46DE8}") = "tests", "tests", "{50CADA20-8A72-4605-B9AA-EEBDF59B7AEA}"
EndProject
Project("{FAE04EC0-301F-11D3-BF4B-00C04F79EFBC}") = "TaskManager.UnitTests", "tests\TaskManager.UnitTests\TaskManager.UnitTests.csproj", "{0CDE7044-8015-42D1-B075-D4F716596537}"
EndProject
Project("{2150E333-8FDC-42A3-9474-1A3956D46DE8}") = "ApiGateways", "ApiGateways", "{06E5E625-8017-4E46-AA57-B5B1A63ACC18}"
EndProject
Project("{FAE04EC0-301F-11D3-BF4B-00C04F79EFBC}") = "YarpApiGateway", "Services\ApiGateways\YarpApiGateway\YarpApiGateway.csproj", "{C794E75E-D7A4-4215-BBD3-79CFC795BC25}"
EndProject
Project("{FAE04EC0-301F-11D3-BF4B-00C04F79EFBC}") = "Notification.API", "Services\Notification\Notification.API\Notification.API.csproj", "{68AEF5E0-DC9B-26A7-DC12-F27EF18E0373}"
EndProject
Project("{FAE04EC0-301F-11D3-BF4B-00C04F79EFBC}") = "Notification.Application", "Services\Notification\Notification.Application\Notification.Application.csproj", "{19A69770-D025-38FD-1168-EBA2A2BF2162}"
EndProject
Project("{FAE04EC0-301F-11D3-BF4B-00C04F79EFBC}") = "Notification.Domain", "Services\Notification\Notification.Domain\Notification.Domain.csproj", "{7A99A2B4-0C89-8BD0-E020-8FB443FAE2E5}"
EndProject
Project("{FAE04EC0-301F-11D3-BF4B-00C04F79EFBC}") = "Notification.Infrastructure", "Services\Notification\Notification.Infrastructure\Notification.Infrastructure.csproj", "{FD0645D8-7E22-FE02-AF3D-88750F26AE69}"
EndProject
Global
	GlobalSection(SolutionConfigurationPlatforms) = preSolution
		Debug|Any CPU = Debug|Any CPU
		Release|Any CPU = Release|Any CPU
	EndGlobalSection
	GlobalSection(ProjectConfigurationPlatforms) = postSolution
		{BCF8E530-78FD-4B87-A700-D934B5AA66F2}.Debug|Any CPU.ActiveCfg = Debug|Any CPU
		{BCF8E530-78FD-4B87-A700-D934B5AA66F2}.Debug|Any CPU.Build.0 = Debug|Any CPU
		{BCF8E530-78FD-4B87-A700-D934B5AA66F2}.Release|Any CPU.ActiveCfg = Release|Any CPU
		{BCF8E530-78FD-4B87-A700-D934B5AA66F2}.Release|Any CPU.Build.0 = Release|Any CPU
		{35DA9163-BDB4-4120-9BBD-16F5B71586B7}.Debug|Any CPU.ActiveCfg = Debug|Any CPU
		{35DA9163-BDB4-4120-9BBD-16F5B71586B7}.Debug|Any CPU.Build.0 = Debug|Any CPU
		{35DA9163-BDB4-4120-9BBD-16F5B71586B7}.Release|Any CPU.ActiveCfg = Release|Any CPU
		{35DA9163-BDB4-4120-9BBD-16F5B71586B7}.Release|Any CPU.Build.0 = Release|Any CPU
		{F904D238-371C-473B-AB72-D902D0F1C4B6}.Debug|Any CPU.ActiveCfg = Debug|Any CPU
		{F904D238-371C-473B-AB72-D902D0F1C4B6}.Debug|Any CPU.Build.0 = Debug|Any CPU
		{F904D238-371C-473B-AB72-D902D0F1C4B6}.Release|Any CPU.ActiveCfg = Release|Any CPU
		{F904D238-371C-473B-AB72-D902D0F1C4B6}.Release|Any CPU.Build.0 = Release|Any CPU
		{2F508DFD-27AA-4309-B450-D420881C2159}.Debug|Any CPU.ActiveCfg = Debug|Any CPU
		{2F508DFD-27AA-4309-B450-D420881C2159}.Debug|Any CPU.Build.0 = Debug|Any CPU
		{2F508DFD-27AA-4309-B450-D420881C2159}.Release|Any CPU.ActiveCfg = Release|Any CPU
		{2F508DFD-27AA-4309-B450-D420881C2159}.Release|Any CPU.Build.0 = Release|Any CPU
		{019834C5-963E-48EB-B77F-ECEBFBBDE4D3}.Debug|Any CPU.ActiveCfg = Debug|Any CPU
		{019834C5-963E-48EB-B77F-ECEBFBBDE4D3}.Debug|Any CPU.Build.0 = Debug|Any CPU
		{019834C5-963E-48EB-B77F-ECEBFBBDE4D3}.Release|Any CPU.ActiveCfg = Release|Any CPU
		{019834C5-963E-48EB-B77F-ECEBFBBDE4D3}.Release|Any CPU.Build.0 = Release|Any CPU
		{26F26805-F89B-4AE4-86E1-4F5627FC0E20}.Debug|Any CPU.ActiveCfg = Debug|Any CPU
		{26F26805-F89B-4AE4-86E1-4F5627FC0E20}.Debug|Any CPU.Build.0 = Debug|Any CPU
		{26F26805-F89B-4AE4-86E1-4F5627FC0E20}.Release|Any CPU.ActiveCfg = Release|Any CPU
		{26F26805-F89B-4AE4-86E1-4F5627FC0E20}.Release|Any CPU.Build.0 = Release|Any CPU
		{C1EC5759-3619-4C35-9AB5-C1B592F9A1A3}.Debug|Any CPU.ActiveCfg = Debug|Any CPU
		{C1EC5759-3619-4C35-9AB5-C1B592F9A1A3}.Debug|Any CPU.Build.0 = Debug|Any CPU
		{C1EC5759-3619-4C35-9AB5-C1B592F9A1A3}.Release|Any CPU.ActiveCfg = Release|Any CPU
		{C1EC5759-3619-4C35-9AB5-C1B592F9A1A3}.Release|Any CPU.Build.0 = Release|Any CPU
		{89DBD88F-F7BF-4A75-AE73-C938D48C2A57}.Debug|Any CPU.ActiveCfg = Debug|Any CPU
		{89DBD88F-F7BF-4A75-AE73-C938D48C2A57}.Debug|Any CPU.Build.0 = Debug|Any CPU
		{89DBD88F-F7BF-4A75-AE73-C938D48C2A57}.Release|Any CPU.ActiveCfg = Release|Any CPU
		{89DBD88F-F7BF-4A75-AE73-C938D48C2A57}.Release|Any CPU.Build.0 = Release|Any CPU
		{D22B88A6-79CD-4F87-BE73-C389883E4AC2}.Debug|Any CPU.ActiveCfg = Debug|Any CPU
		{D22B88A6-79CD-4F87-BE73-C389883E4AC2}.Debug|Any CPU.Build.0 = Debug|Any CPU
		{D22B88A6-79CD-4F87-BE73-C389883E4AC2}.Release|Any CPU.ActiveCfg = Release|Any CPU
		{D22B88A6-79CD-4F87-BE73-C389883E4AC2}.Release|Any CPU.Build.0 = Release|Any CPU
		{079C9892-2A48-4672-863B-50F8BF409476}.Debug|Any CPU.ActiveCfg = Debug|Any CPU
		{079C9892-2A48-4672-863B-50F8BF409476}.Debug|Any CPU.Build.0 = Debug|Any CPU
		{079C9892-2A48-4672-863B-50F8BF409476}.Release|Any CPU.ActiveCfg = Release|Any CPU
		{079C9892-2A48-4672-863B-50F8BF409476}.Release|Any CPU.Build.0 = Release|Any CPU
		{3C04B7A6-42C4-4070-A1D3-4CF6D2F7E11A}.Debug|Any CPU.ActiveCfg = Debug|Any CPU
		{3C04B7A6-42C4-4070-A1D3-4CF6D2F7E11A}.Debug|Any CPU.Build.0 = Debug|Any CPU
		{3C04B7A6-42C4-4070-A1D3-4CF6D2F7E11A}.Release|Any CPU.ActiveCfg = Release|Any CPU
		{3C04B7A6-42C4-4070-A1D3-4CF6D2F7E11A}.Release|Any CPU.Build.0 = Release|Any CPU
		{4578D066-BDEA-4A1B-AF80-13285D67676A}.Debug|Any CPU.ActiveCfg = Debug|Any CPU
		{4578D066-BDEA-4A1B-AF80-13285D67676A}.Debug|Any CPU.Build.0 = Debug|Any CPU
		{4578D066-BDEA-4A1B-AF80-13285D67676A}.Release|Any CPU.ActiveCfg = Release|Any CPU
		{4578D066-BDEA-4A1B-AF80-13285D67676A}.Release|Any CPU.Build.0 = Release|Any CPU
		{19EE3A6E-715B-49C2-91F5-8B83B0769755}.Debug|Any CPU.ActiveCfg = Debug|Any CPU
		{19EE3A6E-715B-49C2-91F5-8B83B0769755}.Debug|Any CPU.Build.0 = Debug|Any CPU
		{19EE3A6E-715B-49C2-91F5-8B83B0769755}.Release|Any CPU.ActiveCfg = Release|Any CPU
		{19EE3A6E-715B-49C2-91F5-8B83B0769755}.Release|Any CPU.Build.0 = Release|Any CPU
		{1E640434-66F0-4380-B57C-431F903CDAFF}.Debug|Any CPU.ActiveCfg = Debug|Any CPU
		{1E640434-66F0-4380-B57C-431F903CDAFF}.Debug|Any CPU.Build.0 = Debug|Any CPU
		{1E640434-66F0-4380-B57C-431F903CDAFF}.Release|Any CPU.ActiveCfg = Release|Any CPU
		{1E640434-66F0-4380-B57C-431F903CDAFF}.Release|Any CPU.Build.0 = Release|Any CPU
		{B5AA1922-6D10-4E7C-8FE6-4D68158200A2}.Debug|Any CPU.ActiveCfg = Debug|Any CPU
		{B5AA1922-6D10-4E7C-8FE6-4D68158200A2}.Debug|Any CPU.Build.0 = Debug|Any CPU
		{B5AA1922-6D10-4E7C-8FE6-4D68158200A2}.Release|Any CPU.ActiveCfg = Release|Any CPU
		{B5AA1922-6D10-4E7C-8FE6-4D68158200A2}.Release|Any CPU.Build.0 = Release|Any CPU
		{A53645FC-36A5-4D69-A7A5-EE247529156A}.Debug|Any CPU.ActiveCfg = Debug|Any CPU
		{A53645FC-36A5-4D69-A7A5-EE247529156A}.Debug|Any CPU.Build.0 = Debug|Any CPU
		{A53645FC-36A5-4D69-A7A5-EE247529156A}.Release|Any CPU.ActiveCfg = Release|Any CPU
		{A53645FC-36A5-4D69-A7A5-EE247529156A}.Release|Any CPU.Build.0 = Release|Any CPU
		{BFBA1AB0-FE2F-409D-AEF1-122FA7C63150}.Debug|Any CPU.ActiveCfg = Debug|Any CPU
		{BFBA1AB0-FE2F-409D-AEF1-122FA7C63150}.Debug|Any CPU.Build.0 = Debug|Any CPU
		{BFBA1AB0-FE2F-409D-AEF1-122FA7C63150}.Release|Any CPU.ActiveCfg = Release|Any CPU
		{BFBA1AB0-FE2F-409D-AEF1-122FA7C63150}.Release|Any CPU.Build.0 = Release|Any CPU
		{735851DB-BAE4-4A50-95AF-D4954A9899CE}.Debug|Any CPU.ActiveCfg = Debug|Any CPU
		{735851DB-BAE4-4A50-95AF-D4954A9899CE}.Debug|Any CPU.Build.0 = Debug|Any CPU
		{735851DB-BAE4-4A50-95AF-D4954A9899CE}.Release|Any CPU.ActiveCfg = Release|Any CPU
		{735851DB-BAE4-4A50-95AF-D4954A9899CE}.Release|Any CPU.Build.0 = Release|Any CPU
		{03CFBC86-0BD7-4D50-BCA1-CE1F3B6A7E0F}.Debug|Any CPU.ActiveCfg = Debug|Any CPU
		{03CFBC86-0BD7-4D50-BCA1-CE1F3B6A7E0F}.Debug|Any CPU.Build.0 = Debug|Any CPU
		{03CFBC86-0BD7-4D50-BCA1-CE1F3B6A7E0F}.Release|Any CPU.ActiveCfg = Release|Any CPU
		{03CFBC86-0BD7-4D50-BCA1-CE1F3B6A7E0F}.Release|Any CPU.Build.0 = Release|Any CPU
		{2ED1AD96-9E33-4453-9028-50E814156432}.Debug|Any CPU.ActiveCfg = Debug|Any CPU
		{2ED1AD96-9E33-4453-9028-50E814156432}.Debug|Any CPU.Build.0 = Debug|Any CPU
		{2ED1AD96-9E33-4453-9028-50E814156432}.Release|Any CPU.ActiveCfg = Release|Any CPU
		{2ED1AD96-9E33-4453-9028-50E814156432}.Release|Any CPU.Build.0 = Release|Any CPU
		{77B838E4-188D-4D03-97DF-125FB9251E22}.Debug|Any CPU.ActiveCfg = Debug|Any CPU
		{77B838E4-188D-4D03-97DF-125FB9251E22}.Debug|Any CPU.Build.0 = Debug|Any CPU
		{77B838E4-188D-4D03-97DF-125FB9251E22}.Release|Any CPU.ActiveCfg = Release|Any CPU
		{77B838E4-188D-4D03-97DF-125FB9251E22}.Release|Any CPU.Build.0 = Release|Any CPU
		{BC2CFFC4-8858-400F-9D2D-09D21E095809}.Debug|Any CPU.ActiveCfg = Debug|Any CPU
		{BC2CFFC4-8858-400F-9D2D-09D21E095809}.Debug|Any CPU.Build.0 = Debug|Any CPU
		{BC2CFFC4-8858-400F-9D2D-09D21E095809}.Release|Any CPU.ActiveCfg = Release|Any CPU
		{BC2CFFC4-8858-400F-9D2D-09D21E095809}.Release|Any CPU.Build.0 = Release|Any CPU
		{81DDED9D-158B-E303-5F62-77A2896D2A5A}.Debug|Any CPU.ActiveCfg = Debug|Any CPU
		{81DDED9D-158B-E303-5F62-77A2896D2A5A}.Debug|Any CPU.Build.0 = Debug|Any CPU
		{81DDED9D-158B-E303-5F62-77A2896D2A5A}.Release|Any CPU.ActiveCfg = Release|Any CPU
		{81DDED9D-158B-E303-5F62-77A2896D2A5A}.Release|Any CPU.Build.0 = Release|Any CPU
		{3A419A75-6DDF-4727-8CFA-43E8AD3DB073}.Debug|Any CPU.ActiveCfg = Debug|Any CPU
		{3A419A75-6DDF-4727-8CFA-43E8AD3DB073}.Debug|Any CPU.Build.0 = Debug|Any CPU
		{3A419A75-6DDF-4727-8CFA-43E8AD3DB073}.Release|Any CPU.ActiveCfg = Release|Any CPU
		{3A419A75-6DDF-4727-8CFA-43E8AD3DB073}.Release|Any CPU.Build.0 = Release|Any CPU
		{2AE8DFC7-D6DA-4769-BF7E-5FB6A22C495C}.Debug|Any CPU.ActiveCfg = Debug|Any CPU
		{2AE8DFC7-D6DA-4769-BF7E-5FB6A22C495C}.Debug|Any CPU.Build.0 = Debug|Any CPU
		{2AE8DFC7-D6DA-4769-BF7E-5FB6A22C495C}.Release|Any CPU.ActiveCfg = Release|Any CPU
		{2AE8DFC7-D6DA-4769-BF7E-5FB6A22C495C}.Release|Any CPU.Build.0 = Release|Any CPU
		{2D47C540-F252-4E8B-89F4-4D7A61C33270}.Debug|Any CPU.ActiveCfg = Debug|Any CPU
		{2D47C540-F252-4E8B-89F4-4D7A61C33270}.Debug|Any CPU.Build.0 = Debug|Any CPU
		{2D47C540-F252-4E8B-89F4-4D7A61C33270}.Release|Any CPU.ActiveCfg = Release|Any CPU
		{2D47C540-F252-4E8B-89F4-4D7A61C33270}.Release|Any CPU.Build.0 = Release|Any CPU
		{E6C10AA7-40AF-4B07-BCB9-625A8EE754CC}.Debug|Any CPU.ActiveCfg = Debug|Any CPU
		{E6C10AA7-40AF-4B07-BCB9-625A8EE754CC}.Debug|Any CPU.Build.0 = Debug|Any CPU
		{E6C10AA7-40AF-4B07-BCB9-625A8EE754CC}.Release|Any CPU.ActiveCfg = Release|Any CPU
		{E6C10AA7-40AF-4B07-BCB9-625A8EE754CC}.Release|Any CPU.Build.0 = Release|Any CPU
		{0CDE7044-8015-42D1-B075-D4F716596537}.Debug|Any CPU.ActiveCfg = Debug|Any CPU
		{0CDE7044-8015-42D1-B075-D4F716596537}.Debug|Any CPU.Build.0 = Debug|Any CPU
		{0CDE7044-8015-42D1-B075-D4F716596537}.Release|Any CPU.ActiveCfg = Release|Any CPU
		{0CDE7044-8015-42D1-B075-D4F716596537}.Release|Any CPU.Build.0 = Release|Any CPU
		{C794E75E-D7A4-4215-BBD3-79CFC795BC25}.Debug|Any CPU.ActiveCfg = Debug|Any CPU
		{C794E75E-D7A4-4215-BBD3-79CFC795BC25}.Debug|Any CPU.Build.0 = Debug|Any CPU
		{C794E75E-D7A4-4215-BBD3-79CFC795BC25}.Release|Any CPU.ActiveCfg = Release|Any CPU
		{C794E75E-D7A4-4215-BBD3-79CFC795BC25}.Release|Any CPU.Build.0 = Release|Any CPU
		{68AEF5E0-DC9B-26A7-DC12-F27EF18E0373}.Debug|Any CPU.ActiveCfg = Debug|Any CPU
		{68AEF5E0-DC9B-26A7-DC12-F27EF18E0373}.Debug|Any CPU.Build.0 = Debug|Any CPU
		{68AEF5E0-DC9B-26A7-DC12-F27EF18E0373}.Release|Any CPU.ActiveCfg = Release|Any CPU
		{68AEF5E0-DC9B-26A7-DC12-F27EF18E0373}.Release|Any CPU.Build.0 = Release|Any CPU
		{19A69770-D025-38FD-1168-EBA2A2BF2162}.Debug|Any CPU.ActiveCfg = Debug|Any CPU
		{19A69770-D025-38FD-1168-EBA2A2BF2162}.Debug|Any CPU.Build.0 = Debug|Any CPU
		{19A69770-D025-38FD-1168-EBA2A2BF2162}.Release|Any CPU.ActiveCfg = Release|Any CPU
		{19A69770-D025-38FD-1168-EBA2A2BF2162}.Release|Any CPU.Build.0 = Release|Any CPU
		{7A99A2B4-0C89-8BD0-E020-8FB443FAE2E5}.Debug|Any CPU.ActiveCfg = Debug|Any CPU
		{7A99A2B4-0C89-8BD0-E020-8FB443FAE2E5}.Debug|Any CPU.Build.0 = Debug|Any CPU
		{7A99A2B4-0C89-8BD0-E020-8FB443FAE2E5}.Release|Any CPU.ActiveCfg = Release|Any CPU
		{7A99A2B4-0C89-8BD0-E020-8FB443FAE2E5}.Release|Any CPU.Build.0 = Release|Any CPU
		{FD0645D8-7E22-FE02-AF3D-88750F26AE69}.Debug|Any CPU.ActiveCfg = Debug|Any CPU
		{FD0645D8-7E22-FE02-AF3D-88750F26AE69}.Debug|Any CPU.Build.0 = Debug|Any CPU
		{FD0645D8-7E22-FE02-AF3D-88750F26AE69}.Release|Any CPU.ActiveCfg = Release|Any CPU
		{FD0645D8-7E22-FE02-AF3D-88750F26AE69}.Release|Any CPU.Build.0 = Release|Any CPU
	EndGlobalSection
	GlobalSection(SolutionProperties) = preSolution
		HideSolutionNode = FALSE
	EndGlobalSection
	GlobalSection(NestedProjects) = preSolution
		{61BE77B0-A277-4EE5-9C3F-9B692357F8B5} = {02EA681E-C7D8-13C7-8484-4AC65E1B71E8}
		{12FA690B-EDAB-43DA-85E5-23CA681C2E6C} = {02EA681E-C7D8-13C7-8484-4AC65E1B71E8}
		{6AB3AEC4-5D87-4649-AD3B-985AFE1EF147} = {02EA681E-C7D8-13C7-8484-4AC65E1B71E8}
		{16A777E3-CF12-4F46-982A-44981531AC9F} = {02EA681E-C7D8-13C7-8484-4AC65E1B71E8}
		{BCF8E530-78FD-4B87-A700-D934B5AA66F2} = {12FA690B-EDAB-43DA-85E5-23CA681C2E6C}
		{35DA9163-BDB4-4120-9BBD-16F5B71586B7} = {12FA690B-EDAB-43DA-85E5-23CA681C2E6C}
		{F904D238-371C-473B-AB72-D902D0F1C4B6} = {12FA690B-EDAB-43DA-85E5-23CA681C2E6C}
		{2F508DFD-27AA-4309-B450-D420881C2159} = {12FA690B-EDAB-43DA-85E5-23CA681C2E6C}
		{019834C5-963E-48EB-B77F-ECEBFBBDE4D3} = {3FE18C10-9A50-4F38-9DCC-DDBF9CED6EE7}
		{26F26805-F89B-4AE4-86E1-4F5627FC0E20} = {3FE18C10-9A50-4F38-9DCC-DDBF9CED6EE7}
		{C1EC5759-3619-4C35-9AB5-C1B592F9A1A3} = {3FE18C10-9A50-4F38-9DCC-DDBF9CED6EE7}
		{89DBD88F-F7BF-4A75-AE73-C938D48C2A57} = {3FE18C10-9A50-4F38-9DCC-DDBF9CED6EE7}
		{D22B88A6-79CD-4F87-BE73-C389883E4AC2} = {C29C205D-79C7-49D8-8DF5-F8CBB7A77150}
		{079C9892-2A48-4672-863B-50F8BF409476} = {16A777E3-CF12-4F46-982A-44981531AC9F}
		{3C04B7A6-42C4-4070-A1D3-4CF6D2F7E11A} = {16A777E3-CF12-4F46-982A-44981531AC9F}
		{4578D066-BDEA-4A1B-AF80-13285D67676A} = {16A777E3-CF12-4F46-982A-44981531AC9F}
		{19EE3A6E-715B-49C2-91F5-8B83B0769755} = {16A777E3-CF12-4F46-982A-44981531AC9F}
		{1E640434-66F0-4380-B57C-431F903CDAFF} = {61BE77B0-A277-4EE5-9C3F-9B692357F8B5}
		{B5AA1922-6D10-4E7C-8FE6-4D68158200A2} = {61BE77B0-A277-4EE5-9C3F-9B692357F8B5}
		{A53645FC-36A5-4D69-A7A5-EE247529156A} = {61BE77B0-A277-4EE5-9C3F-9B692357F8B5}
		{BFBA1AB0-FE2F-409D-AEF1-122FA7C63150} = {61BE77B0-A277-4EE5-9C3F-9B692357F8B5}
		{735851DB-BAE4-4A50-95AF-D4954A9899CE} = {C29C205D-79C7-49D8-8DF5-F8CBB7A77150}
		{03CFBC86-0BD7-4D50-BCA1-CE1F3B6A7E0F} = {6AB3AEC4-5D87-4649-AD3B-985AFE1EF147}
		{2ED1AD96-9E33-4453-9028-50E814156432} = {6AB3AEC4-5D87-4649-AD3B-985AFE1EF147}
		{77B838E4-188D-4D03-97DF-125FB9251E22} = {6AB3AEC4-5D87-4649-AD3B-985AFE1EF147}
		{BC2CFFC4-8858-400F-9D2D-09D21E095809} = {6AB3AEC4-5D87-4649-AD3B-985AFE1EF147}
		{C3C20EC7-089F-4463-B6A1-2500E383040A} = {02EA681E-C7D8-13C7-8484-4AC65E1B71E8}
		{C0578E68-4BAF-4C20-93C7-65574849D7FE} = {02EA681E-C7D8-13C7-8484-4AC65E1B71E8}
		{3A419A75-6DDF-4727-8CFA-43E8AD3DB073} = {C0578E68-4BAF-4C20-93C7-65574849D7FE}
		{2AE8DFC7-D6DA-4769-BF7E-5FB6A22C495C} = {C0578E68-4BAF-4C20-93C7-65574849D7FE}
		{2D47C540-F252-4E8B-89F4-4D7A61C33270} = {C0578E68-4BAF-4C20-93C7-65574849D7FE}
		{E6C10AA7-40AF-4B07-BCB9-625A8EE754CC} = {C0578E68-4BAF-4C20-93C7-65574849D7FE}
		{0CDE7044-8015-42D1-B075-D4F716596537} = {50CADA20-8A72-4605-B9AA-EEBDF59B7AEA}
		{C794E75E-D7A4-4215-BBD3-79CFC795BC25} = {06E5E625-8017-4E46-AA57-B5B1A63ACC18}
		{68AEF5E0-DC9B-26A7-DC12-F27EF18E0373} = {C3C20EC7-089F-4463-B6A1-2500E383040A}
		{19A69770-D025-38FD-1168-EBA2A2BF2162} = {C3C20EC7-089F-4463-B6A1-2500E383040A}
		{7A99A2B4-0C89-8BD0-E020-8FB443FAE2E5} = {C3C20EC7-089F-4463-B6A1-2500E383040A}
		{FD0645D8-7E22-FE02-AF3D-88750F26AE69} = {C3C20EC7-089F-4463-B6A1-2500E383040A}
	EndGlobalSection
	GlobalSection(ExtensibilityGlobals) = postSolution
		SolutionGuid = {90F61289-0F19-4DB5-90AE-F995F0E1AD79}
	EndGlobalSection
EndGlobal
